Microsoft Visual Studio Solution File, Format Version 12.00
# Visual Studio Version 17
VisualStudioVersion = 17.5.2.0
MinimumVisualStudioVersion = 10.0.40219.1
Project("{FAE04EC0-301F-11D3-BF4B-00C04F79EFBC}") = "MVCProject", "MVCProject.csproj", "{65A0DF6A-3D58-32B7-D65F-18C0504EDA60}"
EndProject
Global
	GlobalSection(SolutionConfigurationPlatforms) = preSolution
		Debug|Any CPU = Debug|Any CPU
		Release|Any CPU = Release|Any CPU
	EndGlobalSection
	GlobalSection(ProjectConfigurationPlatforms) = postSolution
		{65A0DF6A-3D58-32B7-D65F-18C0504EDA60}.Debug|Any CPU.ActiveCfg = Debug|Any CPU
		{65A0DF6A-3D58-32B7-D65F-18C0504EDA60}.Debug|Any CPU.Build.0 = Debug|Any CPU
		{65A0DF6A-3D58-32B7-D65F-18C0504EDA60}.Release|Any CPU.ActiveCfg = Release|Any CPU
		{65A0DF6A-3D58-32B7-D65F-18C0504EDA60}.Release|Any CPU.Build.0 = Release|Any CPU
	EndGlobalSection
	GlobalSection(SolutionProperties) = preSolution
		HideSolutionNode = FALSE
	EndGlobalSection
	GlobalSection(ExtensibilityGlobals) = postSolution
		SolutionGuid = {72F4C49E-2491-4861-8A48-180BD9F14A88}
	EndGlobalSection
EndGlobal
